
Microsoft Visual Studio Solution File, Format Version 12.00
Project("{FAE04EC0-301F-11D3-BF4B-00C04F79EFBC}") = "DigitalDesignSchool", "DigitalDesignSchool\DigitalDesignSchool.csproj", "{76C9E9AC-BFDE-457C-B096-5955E0099E85}"
EndProject
Project("{FAE04EC0-301F-11D3-BF4B-00C04F79EFBC}") = "PrivateLibrary", "PrivateLibrary\PrivateLibrary.csproj", "{1EF8E34C-B2B0-4206-87BA-56333289ECC6}"
EndProject
Project("{FAE04EC0-301F-11D3-BF4B-00C04F79EFBC}") = "WebApplication6", "WebApplication6\WebApplication6.csproj", "{A99E4006-6562-4062-AF15-B00445D7613A}"
EndProject
Global
	GlobalSection(SolutionConfigurationPlatforms) = preSolution
		Debug|Any CPU = Debug|Any CPU
		Release|Any CPU = Release|Any CPU
	EndGlobalSection
	GlobalSection(ProjectConfigurationPlatforms) = postSolution
		{76C9E9AC-BFDE-457C-B096-5955E0099E85}.Debug|Any CPU.ActiveCfg = Debug|Any CPU
		{76C9E9AC-BFDE-457C-B096-5955E0099E85}.Debug|Any CPU.Build.0 = Debug|Any CPU
		{76C9E9AC-BFDE-457C-B096-5955E0099E85}.Release|Any CPU.ActiveCfg = Release|Any CPU
		{76C9E9AC-BFDE-457C-B096-5955E0099E85}.Release|Any CPU.Build.0 = Release|Any CPU
		{1EF8E34C-B2B0-4206-87BA-56333289ECC6}.Debug|Any CPU.ActiveCfg = Debug|Any CPU
		{1EF8E34C-B2B0-4206-87BA-56333289ECC6}.Debug|Any CPU.Build.0 = Debug|Any CPU
		{1EF8E34C-B2B0-4206-87BA-56333289ECC6}.Release|Any CPU.ActiveCfg = Release|Any CPU
		{1EF8E34C-B2B0-4206-87BA-56333289ECC6}.Release|Any CPU.Build.0 = Release|Any CPU
		{A99E4006-6562-4062-AF15-B00445D7613A}.Debug|Any CPU.ActiveCfg = Debug|Any CPU
		{A99E4006-6562-4062-AF15-B00445D7613A}.Debug|Any CPU.Build.0 = Debug|Any CPU
		{A99E4006-6562-4062-AF15-B00445D7613A}.Release|Any CPU.ActiveCfg = Release|Any CPU
		{A99E4006-6562-4062-AF15-B00445D7613A}.Release|Any CPU.Build.0 = Release|Any CPU
	EndGlobalSection
EndGlobal
